// !$*UTF8*$!
{
	archiveVersion = 1;
	classes = {
	};
	objectVersion = 55;
	objects = {

/* Begin PBXBuildFile section */
		31ECE8D02890A72D00EC6B71 /* AppDelegate.swift in Sources */ = {isa = PBXBuildFile; fileRef = 31ECE8CF2890A72D00EC6B71 /* AppDelegate.swift */; };
		31ECE8D22890A72D00EC6B71 /* SceneDelegate.swift in Sources */ = {isa = PBXBuildFile; fileRef = 31ECE8D12890A72D00EC6B71 /* SceneDelegate.swift */; };
		31ECE8D42890A72D00EC6B71 /* ViewController.swift in Sources */ = {isa = PBXBuildFile; fileRef = 31ECE8D32890A72D00EC6B71 /* ViewController.swift */; };
		31ECE8D72890A72D00EC6B71 /* Main.storyboard in Resources */ = {isa = PBXBuildFile; fileRef = 31ECE8D52890A72D00EC6B71 /* Main.storyboard */; };
		31ECE8D92890A72E00EC6B71 /* Assets.xcassets in Resources */ = {isa = PBXBuildFile; fileRef = 31ECE8D82890A72E00EC6B71 /* Assets.xcassets */; };
		31ECE8DC2890A72E00EC6B71 /* LaunchScreen.storyboard in Resources */ = {isa = PBXBuildFile; fileRef = 31ECE8DA2890A72E00EC6B71 /* LaunchScreen.storyboard */; };
		31ECE8E72890A72E00EC6B71 /* UdderTests.swift in Sources */ = {isa = PBXBuildFile; fileRef = 31ECE8E62890A72E00EC6B71 /* UdderTests.swift */; };
		31ECE8F12890A72E00EC6B71 /* UdderUITests.swift in Sources */ = {isa = PBXBuildFile; fileRef = 31ECE8F02890A72E00EC6B71 /* UdderUITests.swift */; };
		31ECE8F32890A72E00EC6B71 /* UdderUITestsLaunchTests.swift in Sources */ = {isa = PBXBuildFile; fileRef = 31ECE8F22890A72E00EC6B71 /* UdderUITestsLaunchTests.swift */; };
/* End PBXBuildFile section */

/* Begin PBXContainerItemProxy section */
		31ECE8E32890A72E00EC6B71 /* PBXContainerItemProxy */ = {
			isa = PBXContainerItemProxy;
			containerPortal = 31ECE8C42890A72D00EC6B71 /* Project object */;
			proxyType = 1;
			remoteGlobalIDString = 31ECE8CB2890A72D00EC6B71;
			remoteInfo = Udder;
		};
		31ECE8ED2890A72E00EC6B71 /* PBXContainerItemProxy */ = {
			isa = PBXContainerItemProxy;
			containerPortal = 31ECE8C42890A72D00EC6B71 /* Project object */;
			proxyType = 1;
			remoteGlobalIDString = 31ECE8CB2890A72D00EC6B71;
			remoteInfo = Udder;
		};
/* End PBXContainerItemProxy section */

/* Begin PBXFileReference section */
		31ECE8CC2890A72D00EC6B71 /* Udder.app */ = {isa = PBXFileReference; explicitFileType = wrapper.application; includeInIndex = 0; path = Udder.app; sourceTree = BUILT_PRODUCTS_DIR; };
		31ECE8CF2890A72D00EC6B71 /* AppDelegate.swift */ = {isa = PBXFileReference; lastKnownFileType = sourcecode.swift; path = AppDelegate.swift; sourceTree = "<group>"; };
		31ECE8D12890A72D00EC6B71 /* SceneDelegate.swift */ = {isa = PBXFileReference; lastKnownFileType = sourcecode.swift; path = SceneDelegate.swift; sourceTree = "<group>"; };
		31ECE8D32890A72D00EC6B71 /* ViewController.swift */ = {isa = PBXFileReference; lastKnownFileType = sourcecode.swift; path = ViewController.swift; sourceTree = "<group>"; };
		31ECE8D62890A72D00EC6B71 /* Base */ = {isa = PBXFileReference; lastKnownFileType = file.storyboard; name = Base; path = Base.lproj/Main.storyboard; sourceTree = "<group>"; };
		31ECE8D82890A72E00EC6B71 /* Assets.xcassets */ = {isa = PBXFileReference; lastKnownFileType = folder.assetcatalog; path = Assets.xcassets; sourceTree = "<group>"; };
		31ECE8DB2890A72E00EC6B71 /* Base */ = {isa = PBXFileReference; lastKnownFileType = file.storyboard; name = Base; path = Base.lproj/LaunchScreen.storyboard; sourceTree = "<group>"; };
		31ECE8DD2890A72E00EC6B71 /* Info.plist */ = {isa = PBXFileReference; lastKnownFileType = text.plist.xml; path = Info.plist; sourceTree = "<group>"; };
		31ECE8E22890A72E00EC6B71 /* UdderTests.xctest */ = {isa = PBXFileReference; explicitFileType = wrapper.cfbundle; includeInIndex = 0; path = UdderTests.xctest; sourceTree = BUILT_PRODUCTS_DIR; };
		31ECE8E62890A72E00EC6B71 /* UdderTests.swift */ = {isa = PBXFileReference; lastKnownFileType = sourcecode.swift; path = UdderTests.swift; sourceTree = "<group>"; };
		31ECE8EC2890A72E00EC6B71 /* UdderUITests.xctest */ = {isa = PBXFileReference; explicitFileType = wrapper.cfbundle; includeInIndex = 0; path = UdderUITests.xctest; sourceTree = BUILT_PRODUCTS_DIR; };
		31ECE8F02890A72E00EC6B71 /* UdderUITests.swift */ = {isa = PBXFileReference; lastKnownFileType = sourcecode.swift; path = UdderUITests.swift; sourceTree = "<group>"; };
		31ECE8F22890A72E00EC6B71 /* UdderUITestsLaunchTests.swift */ = {isa = PBXFileReference; lastKnownFileType = sourcecode.swift; path = UdderUITestsLaunchTests.swift; sourceTree = "<group>"; };
/* End PBXFileReference section */

/* Begin PBXFrameworksBuildPhase section */
		31ECE8C92890A72D00EC6B71 /* Frameworks */ = {
			isa = PBXFrameworksBuildPhase;
			buildActionMask = 2147483647;
			files = (
			);
			runOnlyForDeploymentPostprocessing = 0;
		};
		31ECE8DF2890A72E00EC6B71 /* Frameworks */ = {
			isa = PBXFrameworksBuildPhase;
			buildActionMask = 2147483647;
			files = (
			);
			runOnlyForDeploymentPostprocessing = 0;
		};
		31ECE8E92890A72E00EC6B71 /* Frameworks */ = {
			isa = PBXFrameworksBuildPhase;
			buildActionMask = 2147483647;
			files = (
			);
			runOnlyForDeploymentPostprocessing = 0;
		};
/* End PBXFrameworksBuildPhase section */

/* Begin PBXGroup section */
		31ECE8C32890A72D00EC6B71 = {
			isa = PBXGroup;
			children = (
				31ECE8CE2890A72D00EC6B71 /* Udder */,
				31ECE8E52890A72E00EC6B71 /* UdderTests */,
				31ECE8EF2890A72E00EC6B71 /* UdderUITests */,
				31ECE8CD2890A72D00EC6B71 /* Products */,
			);
			sourceTree = "<group>";
		};
		31ECE8CD2890A72D00EC6B71 /* Products */ = {
			isa = PBXGroup;
			children = (
				31ECE8CC2890A72D00EC6B71 /* Udder.app */,
				31ECE8E22890A72E00EC6B71 /* UdderTests.xctest */,
				31ECE8EC2890A72E00EC6B71 /* UdderUITests.xctest */,
			);
			name = Products;
			sourceTree = "<group>";
		};
		31ECE8CE2890A72D00EC6B71 /* Udder */ = {
			isa = PBXGroup;
			children = (
				31ECE8CF2890A72D00EC6B71 /* AppDelegate.swift */,
				31ECE8D12890A72D00EC6B71 /* SceneDelegate.swift */,
				31ECE8D32890A72D00EC6B71 /* ViewController.swift */,
				31ECE8D52890A72D00EC6B71 /* Main.storyboard */,
				31ECE8D82890A72E00EC6B71 /* Assets.xcassets */,
				31ECE8DA2890A72E00EC6B71 /* LaunchScreen.storyboard */,
				31ECE8DD2890A72E00EC6B71 /* Info.plist */,
			);
			path = Udder;
			sourceTree = "<group>";
		};
		31ECE8E52890A72E00EC6B71 /* UdderTests */ = {
			isa = PBXGroup;
			children = (
				31ECE8E62890A72E00EC6B71 /* UdderTests.swift */,
			);
			path = UdderTests;
			sourceTree = "<group>";
		};
		31ECE8EF2890A72E00EC6B71 /* UdderUITests */ = {
			isa = PBXGroup;
			children = (
				31ECE8F02890A72E00EC6B71 /* UdderUITests.swift */,
				31ECE8F22890A72E00EC6B71 /* UdderUITestsLaunchTests.swift */,
			);
			path = UdderUITests;
			sourceTree = "<group>";
		};
/* End PBXGroup section */

/* Begin PBXNativeTarget section */
		31ECE8CB2890A72D00EC6B71 /* Udder */ = {
			isa = PBXNativeTarget;
			buildConfigurationList = 31ECE8F62890A72E00EC6B71 /* Build configuration list for PBXNativeTarget "Udder" */;
			buildPhases = (
				31ECE8C82890A72D00EC6B71 /* Sources */,
				31ECE8C92890A72D00EC6B71 /* Frameworks */,
				31ECE8CA2890A72D00EC6B71 /* Resources */,
			);
			buildRules = (
			);
			dependencies = (
			);
			name = Udder;
			productName = Udder;
			productReference = 31ECE8CC2890A72D00EC6B71 /* Udder.app */;
			productType = "com.apple.product-type.application";
		};
		31ECE8E12890A72E00EC6B71 /* UdderTests */ = {
			isa = PBXNativeTarget;
			buildConfigurationList = 31ECE8F92890A72E00EC6B71 /* Build configuration list for PBXNativeTarget "UdderTests" */;
			buildPhases = (
				31ECE8DE2890A72E00EC6B71 /* Sources */,
				31ECE8DF2890A72E00EC6B71 /* Frameworks */,
				31ECE8E02890A72E00EC6B71 /* Resources */,
			);
			buildRules = (
			);
			dependencies = (
				31ECE8E42890A72E00EC6B71 /* PBXTargetDependency */,
			);
			name = UdderTests;
			productName = UdderTests;
			productReference = 31ECE8E22890A72E00EC6B71 /* UdderTests.xctest */;
			productType = "com.apple.product-type.bundle.unit-test";
		};
		31ECE8EB2890A72E00EC6B71 /* UdderUITests */ = {
			isa = PBXNativeTarget;
			buildConfigurationList = 31ECE8FC2890A72E00EC6B71 /* Build configuration list for PBXNativeTarget "UdderUITests" */;
			buildPhases = (
				31ECE8E82890A72E00EC6B71 /* Sources */,
				31ECE8E92890A72E00EC6B71 /* Frameworks */,
				31ECE8EA2890A72E00EC6B71 /* Resources */,
			);
			buildRules = (
			);
			dependencies = (
				31ECE8EE2890A72E00EC6B71 /* PBXTargetDependency */,
			);
			name = UdderUITests;
			productName = UdderUITests;
			productReference = 31ECE8EC2890A72E00EC6B71 /* UdderUITests.xctest */;
			productType = "com.apple.product-type.bundle.ui-testing";
		};
/* End PBXNativeTarget section */

/* Begin PBXProject section */
		31ECE8C42890A72D00EC6B71 /* Project object */ = {
			isa = PBXProject;
			attributes = {
				BuildIndependentTargetsInParallel = 1;
				LastSwiftUpdateCheck = 1340;
				LastUpgradeCheck = 1340;
				TargetAttributes = {
					31ECE8CB2890A72D00EC6B71 = {
						CreatedOnToolsVersion = 13.4.1;
					};
					31ECE8E12890A72E00EC6B71 = {
						CreatedOnToolsVersion = 13.4.1;
						TestTargetID = 31ECE8CB2890A72D00EC6B71;
					};
					31ECE8EB2890A72E00EC6B71 = {
						CreatedOnToolsVersion = 13.4.1;
						TestTargetID = 31ECE8CB2890A72D00EC6B71;
					};
				};
			};
			buildConfigurationList = 31ECE8C72890A72D00EC6B71 /* Build configuration list for PBXProject "Udder" */;
			compatibilityVersion = "Xcode 13.0";
			developmentRegion = en;
			hasScannedForEncodings = 0;
			knownRegions = (
				en,
				Base,
			);
			mainGroup = 31ECE8C32890A72D00EC6B71;
			productRefGroup = 31ECE8CD2890A72D00EC6B71 /* Products */;
			projectDirPath = "";
			projectRoot = "";
			targets = (
				31ECE8CB2890A72D00EC6B71 /* Udder */,
				31ECE8E12890A72E00EC6B71 /* UdderTests */,
				31ECE8EB2890A72E00EC6B71 /* UdderUITests */,
			);
		};
/* End PBXProject section */

/* Begin PBXResourcesBuildPhase section */
		31ECE8CA2890A72D00EC6B71 /* Resources */ = {
			isa = PBXResourcesBuildPhase;
			buildActionMask = 2147483647;
			files = (
				31ECE8DC2890A72E00EC6B71 /* LaunchScreen.storyboard in Resources */,
				31ECE8D92890A72E00EC6B71 /* Assets.xcassets in Resources */,
				31ECE8D72890A72D00EC6B71 /* Main.storyboard in Resources */,
			);
			runOnlyForDeploymentPostprocessing = 0;
		};
		31ECE8E02890A72E00EC6B71 /* Resources */ = {
			isa = PBXResourcesBuildPhase;
			buildActionMask = 2147483647;
			files = (
			);
			runOnlyForDeploymentPostprocessing = 0;
		};
		31ECE8EA2890A72E00EC6B71 /* Resources */ = {
			isa = PBXResourcesBuildPhase;
			buildActionMask = 2147483647;
			files = (
			);
			runOnlyForDeploymentPostprocessing = 0;
		};
/* End PBXResourcesBuildPhase section */

/* Begin PBXSourcesBuildPhase section */
		31ECE8C82890A72D00EC6B71 /* Sources */ = {
			isa = PBXSourcesBuildPhase;
			buildActionMask = 2147483647;
			files = (
				31ECE8D42890A72D00EC6B71 /* ViewController.swift in Sources */,
				31ECE8D02890A72D00EC6B71 /* AppDelegate.swift in Sources */,
				31ECE8D22890A72D00EC6B71 /* SceneDelegate.swift in Sources */,
			);
			runOnlyForDeploymentPostprocessing = 0;
		};
		31ECE8DE2890A72E00EC6B71 /* Sources */ = {
			isa = PBXSourcesBuildPhase;
			buildActionMask = 2147483647;
			files = (
				31ECE8E72890A72E00EC6B71 /* UdderTests.swift in Sources */,
			);
			runOnlyForDeploymentPostprocessing = 0;
		};
		31ECE8E82890A72E00EC6B71 /* Sources */ = {
			isa = PBXSourcesBuildPhase;
			buildActionMask = 2147483647;
			files = (
				31ECE8F12890A72E00EC6B71 /* UdderUITests.swift in Sources */,
				31ECE8F32890A72E00EC6B71 /* UdderUITestsLaunchTests.swift in Sources */,
			);
			runOnlyForDeploymentPostprocessing = 0;
		};
/* End PBXSourcesBuildPhase section */

/* Begin PBXTargetDependency section */
		31ECE8E42890A72E00EC6B71 /* PBXTargetDependency */ = {
			isa = PBXTargetDependency;
			target = 31ECE8CB2890A72D00EC6B71 /* Udder */;
			targetProxy = 31ECE8E32890A72E00EC6B71 /* PBXContainerItemProxy */;
		};
		31ECE8EE2890A72E00EC6B71 /* PBXTargetDependency */ = {
			isa = PBXTargetDependency;
			target = 31ECE8CB2890A72D00EC6B71 /* Udder */;
			targetProxy = 31ECE8ED2890A72E00EC6B71 /* PBXContainerItemProxy */;
		};
/* End PBXTargetDependency section */

/* Begin PBXVariantGroup section */
		31ECE8D52890A72D00EC6B71 /* Main.storyboard */ = {
			isa = PBXVariantGroup;
			children = (
				31ECE8D62890A72D00EC6B71 /* Base */,
			);
			name = Main.storyboard;
			sourceTree = "<group>";
		};
		31ECE8DA2890A72E00EC6B71 /* LaunchScreen.storyboard */ = {
			isa = PBXVariantGroup;
			children = (
				31ECE8DB2890A72E00EC6B71 /* Base */,
			);
			name = LaunchScreen.storyboard;
			sourceTree = "<group>";
		};
/* End PBXVariantGroup section */

/* Begin XCBuildConfiguration section */
		31ECE8F42890A72E00EC6B71 /* Debug */ = {
			isa = XCBuildConfiguration;
			buildSettings = {
				ALWAYS_SEARCH_USER_PATHS = NO;
				CLANG_ANALYZER_NONNULL = YES;
				CLANG_ANALYZER_NUMBER_OBJECT_CONVERSION = YES_AGGRESSIVE;
				CLANG_CXX_LANGUAGE_STANDARD = "gnu++17";
				CLANG_ENABLE_MODULES = YES;
				CLANG_ENABLE_OBJC_ARC = YES;
				CLANG_ENABLE_OBJC_WEAK = YES;
				CLANG_WARN_BLOCK_CAPTURE_AUTORELEASING = YES;
				CLANG_WARN_BOOL_CONVERSION = YES;
				CLANG_WARN_COMMA = YES;
				CLANG_WARN_CONSTANT_CONVERSION = YES;
				CLANG_WARN_DEPRECATED_OBJC_IMPLEMENTATIONS = YES;
				CLANG_WARN_DIRECT_OBJC_ISA_USAGE = YES_ERROR;
				CLANG_WARN_DOCUMENTATION_COMMENTS = YES;
				CLANG_WARN_EMPTY_BODY = YES;
				CLANG_WARN_ENUM_CONVERSION = YES;
				CLANG_WARN_INFINITE_RECURSION = YES;
				CLANG_WARN_INT_CONVERSION = YES;
				CLANG_WARN_NON_LITERAL_NULL_CONVERSION = YES;
				CLANG_WARN_OBJC_IMPLICIT_RETAIN_SELF = YES;
				CLANG_WARN_OBJC_LITERAL_CONVERSION = YES;
				CLANG_WARN_OBJC_ROOT_CLASS = YES_ERROR;
				CLANG_WARN_QUOTED_INCLUDE_IN_FRAMEWORK_HEADER = YES;
				CLANG_WARN_RANGE_LOOP_ANALYSIS = YES;
				CLANG_WARN_STRICT_PROTOTYPES = YES;
				CLANG_WARN_SUSPICIOUS_MOVE = YES;
				CLANG_WARN_UNGUARDED_AVAILABILITY = YES_AGGRESSIVE;
				CLANG_WARN_UNREACHABLE_CODE = YES;
				CLANG_WARN__DUPLICATE_METHOD_MATCH = YES;
				COPY_PHASE_STRIP = NO;
				DEBUG_INFORMATION_FORMAT = dwarf;
				ENABLE_STRICT_OBJC_MSGSEND = YES;
				ENABLE_TESTABILITY = YES;
				GCC_C_LANGUAGE_STANDARD = gnu11;
				GCC_DYNAMIC_NO_PIC = NO;
				GCC_NO_COMMON_BLOCKS = YES;
				GCC_OPTIMIZATION_LEVEL = 0;
				GCC_PREPROCESSOR_DEFINITIONS = (
					"DEBUG=1",
					"$(inherited)",
				);
				GCC_WARN_64_TO_32_BIT_CONVERSION = YES;
				GCC_WARN_ABOUT_RETURN_TYPE = YES_ERROR;
				GCC_WARN_UNDECLARED_SELECTOR = YES;
				GCC_WARN_UNINITIALIZED_AUTOS = YES_AGGRESSIVE;
				GCC_WARN_UNUSED_FUNCTION = YES;
				GCC_WARN_UNUSED_VARIABLE = YES;
				IPHONEOS_DEPLOYMENT_TARGET = 15.5;
				MTL_ENABLE_DEBUG_INFO = INCLUDE_SOURCE;
				MTL_FAST_MATH = YES;
				ONLY_ACTIVE_ARCH = YES;
				SDKROOT = iphoneos;
				SWIFT_ACTIVE_COMPILATION_CONDITIONS = DEBUG;
				SWIFT_OPTIMIZATION_LEVEL = "-Onone";
			};
			name = Debug;
		};
		31ECE8F52890A72E00EC6B71 /* Release */ = {
			isa = XCBuildConfiguration;
			buildSettings = {
				ALWAYS_SEARCH_USER_PATHS = NO;
				CLANG_ANALYZER_NONNULL = YES;
				CLANG_ANALYZER_NUMBER_OBJECT_CONVERSION = YES_AGGRESSIVE;
				CLANG_CXX_LANGUAGE_STANDARD = "gnu++17";
				CLANG_ENABLE_MODULES = YES;
				CLANG_ENABLE_OBJC_ARC = YES;
				CLANG_ENABLE_OBJC_WEAK = YES;
				CLANG_WARN_BLOCK_CAPTURE_AUTORELEASING = YES;
				CLANG_WARN_BOOL_CONVERSION = YES;
				CLANG_WARN_COMMA = YES;
				CLANG_WARN_CONSTANT_CONVERSION = YES;
				CLANG_WARN_DEPRECATED_OBJC_IMPLEMENTATIONS = YES;
				CLANG_WARN_DIRECT_OBJC_ISA_USAGE = YES_ERROR;
				CLANG_WARN_DOCUMENTATION_COMMENTS = YES;
				CLANG_WARN_EMPTY_BODY = YES;
				CLANG_WARN_ENUM_CONVERSION = YES;
				CLANG_WARN_INFINITE_RECURSION = YES;
				CLANG_WARN_INT_CONVERSION = YES;
				CLANG_WARN_NON_LITERAL_NULL_CONVERSION = YES;
				CLANG_WARN_OBJC_IMPLICIT_RETAIN_SELF = YES;
				CLANG_WARN_OBJC_LITERAL_CONVERSION = YES;
				CLANG_WARN_OBJC_ROOT_CLASS = YES_ERROR;
				CLANG_WARN_QUOTED_INCLUDE_IN_FRAMEWORK_HEADER = YES;
				CLANG_WARN_RANGE_LOOP_ANALYSIS = YES;
				CLANG_WARN_STRICT_PROTOTYPES = YES;
				CLANG_WARN_SUSPICIOUS_MOVE = YES;
				CLANG_WARN_UNGUARDED_AVAILABILITY = YES_AGGRESSIVE;
				CLANG_WARN_UNREACHABLE_CODE = YES;
				CLANG_WARN__DUPLICATE_METHOD_MATCH = YES;
				COPY_PHASE_STRIP = NO;
				DEBUG_INFORMATION_FORMAT = "dwarf-with-dsym";
				ENABLE_NS_ASSERTIONS = NO;
				ENABLE_STRICT_OBJC_MSGSEND = YES;
				GCC_C_LANGUAGE_STANDARD = gnu11;
				GCC_NO_COMMON_BLOCKS = YES;
				GCC_WARN_64_TO_32_BIT_CONVERSION = YES;
				GCC_WARN_ABOUT_RETURN_TYPE = YES_ERROR;
				GCC_WARN_UNDECLARED_SELECTOR = YES;
				GCC_WARN_UNINITIALIZED_AUTOS = YES_AGGRESSIVE;
				GCC_WARN_UNUSED_FUNCTION = YES;
				GCC_WARN_UNUSED_VARIABLE = YES;
				IPHONEOS_DEPLOYMENT_TARGET = 15.5;
				MTL_ENABLE_DEBUG_INFO = NO;
				MTL_FAST_MATH = YES;
				SDKROOT = iphoneos;
				SWIFT_COMPILATION_MODE = wholemodule;
				SWIFT_OPTIMIZATION_LEVEL = "-O";
				VALIDATE_PRODUCT = YES;
			};
			name = Release;
		};
		31ECE8F72890A72E00EC6B71 /* Debug */ = {
			isa = XCBuildConfiguration;
			buildSettings = {
				ASSETCATALOG_COMPILER_APPICON_NAME = AppIcon;
				ASSETCATALOG_COMPILER_GLOBAL_ACCENT_COLOR_NAME = AccentColor;
				CODE_SIGN_STYLE = Automatic;
				CURRENT_PROJECT_VERSION = 1;
				DEVELOPMENT_TEAM = MB97W7A8SC;
				GENERATE_INFOPLIST_FILE = YES;
				INFOPLIST_FILE = Udder/Info.plist;
				INFOPLIST_KEY_UIApplicationSupportsIndirectInputEvents = YES;
				INFOPLIST_KEY_UILaunchStoryboardName = LaunchScreen;
				INFOPLIST_KEY_UIMainStoryboardFile = Main;
				INFOPLIST_KEY_UISupportedInterfaceOrientations_iPad = "UIInterfaceOrientationPortrait UIInterfaceOrientationPortraitUpsideDown UIInterfaceOrientationLandscapeLeft UIInterfaceOrientationLandscapeRight";
				INFOPLIST_KEY_UISupportedInterfaceOrientations_iPhone = "UIInterfaceOrientationPortrait UIInterfaceOrientationLandscapeLeft UIInterfaceOrientationLandscapeRight";
				LD_RUNPATH_SEARCH_PATHS = (
					"$(inherited)",
					"@executable_path/Frameworks",
				);
				MARKETING_VERSION = 1.0;
				PRODUCT_BUNDLE_IDENTIFIER = com.viengu.MyCareListProject.Udder;
				PRODUCT_NAME = "$(TARGET_NAME)";
				SWIFT_EMIT_LOC_STRINGS = YES;
				SWIFT_VERSION = 5.0;
				TARGETED_DEVICE_FAMILY = "1,2";
			};
			name = Debug;
		};
		31ECE8F82890A72E00EC6B71 /* Release */ = {
			isa = XCBuildConfiguration;
			buildSettings = {
				ASSETCATALOG_COMPILER_APPICON_NAME = AppIcon;
				ASSETCATALOG_COMPILER_GLOBAL_ACCENT_COLOR_NAME = AccentColor;
				CODE_SIGN_STYLE = Automatic;
				CURRENT_PROJECT_VERSION = 1;
				DEVELOPMENT_TEAM = MB97W7A8SC;
				GENERATE_INFOPLIST_FILE = YES;
				INFOPLIST_FILE = Udder/Info.plist;
				INFOPLIST_KEY_UIApplicationSupportsIndirectInputEvents = YES;
				INFOPLIST_KEY_UILaunchStoryboardName = LaunchScreen;
				INFOPLIST_KEY_UIMainStoryboardFile = Main;
				INFOPLIST_KEY_UISupportedInterfaceOrientations_iPad = "UIInterfaceOrientationPortrait UIInterfaceOrientationPortraitUpsideDown UIInterfaceOrientationLandscapeLeft UIInterfaceOrientationLandscapeRight";
				INFOPLIST_KEY_UISupportedInterfaceOrientations_iPhone = "UIInterfaceOrientationPortrait UIInterfaceOrientationLandscapeLeft UIInterfaceOrientationLandscapeRight";
				LD_RUNPATH_SEARCH_PATHS = (
					"$(inherited)",
					"@executable_path/Frameworks",
				);
				MARKETING_VERSION = 1.0;
				PRODUCT_BUNDLE_IDENTIFIER = com.viengu.MyCareListProject.Udder;
				PRODUCT_NAME = "$(TARGET_NAME)";
				SWIFT_EMIT_LOC_STRINGS = YES;
				SWIFT_VERSION = 5.0;
				TARGETED_DEVICE_FAMILY = "1,2";
			};
			name = Release;
		};
		31ECE8FA2890A72E00EC6B71 /* Debug */ = {
			isa = XCBuildConfiguration;
			buildSettings = {
				ALWAYS_EMBED_SWIFT_STANDARD_LIBRARIES = YES;
				BUNDLE_LOADER = "$(TEST_HOST)";
				CODE_SIGN_STYLE = Automatic;
				CURRENT_PROJECT_VERSION = 1;
				DEVELOPMENT_TEAM = MB97W7A8SC;
				GENERATE_INFOPLIST_FILE = YES;
				IPHONEOS_DEPLOYMENT_TARGET = 15.5;
				MARKETING_VERSION = 1.0;
				PRODUCT_BUNDLE_IDENTIFIER = com.viengu.MyCareListProject.UdderTests;
				PRODUCT_NAME = "$(TARGET_NAME)";
				SWIFT_EMIT_LOC_STRINGS = NO;
				SWIFT_VERSION = 5.0;
				TARGETED_DEVICE_FAMILY = "1,2";
				TEST_HOST = "$(BUILT_PRODUCTS_DIR)/Udder.app/Udder";
			};
			name = Debug;
		};
		31ECE8FB2890A72E00EC6B71 /* Release */ = {
			isa = XCBuildConfiguration;
			buildSettings = {
				ALWAYS_EMBED_SWIFT_STANDARD_LIBRARIES = YES;
				BUNDLE_LOADER = "$(TEST_HOST)";
				CODE_SIGN_STYLE = Automatic;
				CURRENT_PROJECT_VERSION = 1;
				DEVELOPMENT_TEAM = MB97W7A8SC;
				GENERATE_INFOPLIST_FILE = YES;
				IPHONEOS_DEPLOYMENT_TARGET = 15.5;
				MARKETING_VERSION = 1.0;
				PRODUCT_BUNDLE_IDENTIFIER = com.viengu.MyCareListProject.UdderTests;
				PRODUCT_NAME = "$(TARGET_NAME)";
				SWIFT_EMIT_LOC_STRINGS = NO;
				SWIFT_VERSION = 5.0;
				TARGETED_DEVICE_FAMILY = "1,2";
				TEST_HOST = "$(BUILT_PRODUCTS_DIR)/Udder.app/Udder";
			};
			name = Release;
		};
		31ECE8FD2890A72E00EC6B71 /* Debug */ = {
			isa = XCBuildConfiguration;
			buildSettings = {
				ALWAYS_EMBED_SWIFT_STANDARD_LIBRARIES = YES;
				CODE_SIGN_STYLE = Automatic;
				CURRENT_PROJECT_VERSION = 1;
				DEVELOPMENT_TEAM = MB97W7A8SC;
				GENERATE_INFOPLIST_FILE = YES;
				MARKETING_VERSION = 1.0;
				PRODUCT_BUNDLE_IDENTIFIER = com.viengu.MyCareListProject.UdderUITests;
				PRODUCT_NAME = "$(TARGET_NAME)";
				SWIFT_EMIT_LOC_STRINGS = NO;
				SWIFT_VERSION = 5.0;
				TARGETED_DEVICE_FAMILY = "1,2";
				TEST_TARGET_NAME = Udder;
			};
			name = Debug;
		};
		31ECE8FE2890A72E00EC6B71 /* Release */ = {
			isa = XCBuildConfiguration;
			buildSettings = {
				ALWAYS_EMBED_SWIFT_STANDARD_LIBRARIES = YES;
				CODE_SIGN_STYLE = Automatic;
				CURRENT_PROJECT_VERSION = 1;
				DEVELOPMENT_TEAM = MB97W7A8SC;
				GENERATE_INFOPLIST_FILE = YES;
				MARKETING_VERSION = 1.0;
				PRODUCT_BUNDLE_IDENTIFIER = com.viengu.MyCareListProject.UdderUITests;
				PRODUCT_NAME = "$(TARGET_NAME)";
				SWIFT_EMIT_LOC_STRINGS = NO;
				SWIFT_VERSION = 5.0;
				TARGETED_DEVICE_FAMILY = "1,2";
				TEST_TARGET_NAME = Udder;
			};
			name = Release;
		};
/* End XCBuildConfiguration section */

/* Begin XCConfigurationList section */
		31ECE8C72890A72D00EC6B71 /* Build configuration list for PBXProject "Udder" */ = {
			isa = XCConfigurationList;
			buildConfigurations = (
				31ECE8F42890A72E00EC6B71 /* Debug */,
				31ECE8F52890A72E00EC6B71 /* Release */,
			);
			defaultConfigurationIsVisible = 0;
			defaultConfigurationName = Release;
		};
		31ECE8F62890A72E00EC6B71 /* Build configuration list for PBXNativeTarget "Udder" */ = {
			isa = XCConfigurationList;
			buildConfigurations = (
				31ECE8F72890A72E00EC6B71 /* Debug */,
				31ECE8F82890A72E00EC6B71 /* Release */,
			);
			defaultConfigurationIsVisible = 0;
			defaultConfigurationName = Release;
		};
		31ECE8F92890A72E00EC6B71 /* Build configuration list for PBXNativeTarget "UdderTests" */ = {
			isa = XCConfigurationList;
			buildConfigurations = (
				31ECE8FA2890A72E00EC6B71 /* Debug */,
				31ECE8FB2890A72E00EC6B71 /* Release */,
			);
			defaultConfigurationIsVisible = 0;
			defaultConfigurationName = Release;
		};
		31ECE8FC2890A72E00EC6B71 /* Build configuration list for PBXNativeTarget "UdderUITests" */ = {
			isa = XCConfigurationList;
			buildConfigurations = (
				31ECE8FD2890A72E00EC6B71 /* Debug */,
				31ECE8FE2890A72E00EC6B71 /* Release */,
			);
			defaultConfigurationIsVisible = 0;
			defaultConfigurationName = Release;
		};
/* End XCConfigurationList section */
	};
	rootObject = 31ECE8C42890A72D00EC6B71 /* Project object */;
}
